
Microsoft Visual Studio Solution File, Format Version 12.00
# Visual Studio Version 17
VisualStudioVersion = 17.3.32901.215
MinimumVisualStudioVersion = 10.0.40219.1
Project("{9A19103F-16F7-4668-BE54-9A1E7A4F7556}") = "TaskTronic", "TaskTronic\TaskTronic.csproj", "{D2FDC593-9519-4770-B215-2C8CDAFAEF3C}"
EndProject
Project("{9A19103F-16F7-4668-BE54-9A1E7A4F7556}") = "TaskTronic.Identity", "TaskTronic.Identity\TaskTronic.Identity.csproj", "{084B9C3D-99E6-4142-9959-77762E2E2665}"
EndProject
Project("{9A19103F-16F7-4668-BE54-9A1E7A4F7556}") = "TaskTronic.Drive", "TaskTronic.Drive\TaskTronic.Drive.csproj", "{015E31AE-7035-4E14-B65F-E73DAE6CE890}"
EndProject
Project("{9A19103F-16F7-4668-BE54-9A1E7A4F7556}") = "TaskTronic.Admin", "TaskTronic.Admin\TaskTronic.Admin.csproj", "{5045E916-DE38-4437-9050-7596B53FCC93}"
EndProject
Project("{9A19103F-16F7-4668-BE54-9A1E7A4F7556}") = "TaskTronic.Statistics", "TaskTronic.Statistics\TaskTronic.Statistics.csproj", "{A09BB8EA-CC1F-453C-B7FE-0018E3B3DD7A}"
EndProject
Project("{9A19103F-16F7-4668-BE54-9A1E7A4F7556}") = "TaskTronic.Drive.Gateway", "TaskTronic.Drive.Gateway\TaskTronic.Drive.Gateway.csproj", "{A2FE3192-8429-4577-808A-B4FEE48638FC}"
EndProject
Project("{9A19103F-16F7-4668-BE54-9A1E7A4F7556}") = "TaskTronic.Notifications", "TaskTronic.Notifications\TaskTronic.Notifications.csproj", "{A62C25E0-4D42-47C2-A38D-35847627F55F}"
EndProject
Project("{9A19103F-16F7-4668-BE54-9A1E7A4F7556}") = "TaskTronic.Watchdog", "TaskTronic.Watchdog\TaskTronic.Watchdog.csproj", "{DBA0AFF6-06ED-4D3D-BA4A-3F3814EA727B}"
EndProject
Global
	GlobalSection(SolutionConfigurationPlatforms) = preSolution
		Debug|Any CPU = Debug|Any CPU
		Release|Any CPU = Release|Any CPU
	EndGlobalSection
	GlobalSection(ProjectConfigurationPlatforms) = postSolution
		{D2FDC593-9519-4770-B215-2C8CDAFAEF3C}.Debug|Any CPU.ActiveCfg = Debug|Any CPU
		{D2FDC593-9519-4770-B215-2C8CDAFAEF3C}.Debug|Any CPU.Build.0 = Debug|Any CPU
		{D2FDC593-9519-4770-B215-2C8CDAFAEF3C}.Release|Any CPU.ActiveCfg = Release|Any CPU
		{D2FDC593-9519-4770-B215-2C8CDAFAEF3C}.Release|Any CPU.Build.0 = Release|Any CPU
		{084B9C3D-99E6-4142-9959-77762E2E2665}.Debug|Any CPU.ActiveCfg = Debug|Any CPU
		{084B9C3D-99E6-4142-9959-77762E2E2665}.Debug|Any CPU.Build.0 = Debug|Any CPU
		{084B9C3D-99E6-4142-9959-77762E2E2665}.Release|Any CPU.ActiveCfg = Release|Any CPU
		{084B9C3D-99E6-4142-9959-77762E2E2665}.Release|Any CPU.Build.0 = Release|Any CPU
		{015E31AE-7035-4E14-B65F-E73DAE6CE890}.Debug|Any CPU.ActiveCfg = Debug|Any CPU
		{015E31AE-7035-4E14-B65F-E73DAE6CE890}.Debug|Any CPU.Build.0 = Debug|Any CPU
		{015E31AE-7035-4E14-B65F-E73DAE6CE890}.Release|Any CPU.ActiveCfg = Release|Any CPU
		{015E31AE-7035-4E14-B65F-E73DAE6CE890}.Release|Any CPU.Build.0 = Release|Any CPU
		{5045E916-DE38-4437-9050-7596B53FCC93}.Debug|Any CPU.ActiveCfg = Debug|Any CPU
		{5045E916-DE38-4437-9050-7596B53FCC93}.Debug|Any CPU.Build.0 = Debug|Any CPU
		{5045E916-DE38-4437-9050-7596B53FCC93}.Release|Any CPU.ActiveCfg = Release|Any CPU
		{5045E916-DE38-4437-9050-7596B53FCC93}.Release|Any CPU.Build.0 = Release|Any CPU
		{A09BB8EA-CC1F-453C-B7FE-0018E3B3DD7A}.Debug|Any CPU.ActiveCfg = Debug|Any CPU
		{A09BB8EA-CC1F-453C-B7FE-0018E3B3DD7A}.Debug|Any CPU.Build.0 = Debug|Any CPU
		{A09BB8EA-CC1F-453C-B7FE-0018E3B3DD7A}.Release|Any CPU.ActiveCfg = Release|Any CPU
		{A09BB8EA-CC1F-453C-B7FE-0018E3B3DD7A}.Release|Any CPU.Build.0 = Release|Any CPU
		{A2FE3192-8429-4577-808A-B4FEE48638FC}.Debug|Any CPU.ActiveCfg = Debug|Any CPU
		{A2FE3192-8429-4577-808A-B4FEE48638FC}.Debug|Any CPU.Build.0 = Debug|Any CPU
		{A2FE3192-8429-4577-808A-B4FEE48638FC}.Release|Any CPU.ActiveCfg = Release|Any CPU
		{A2FE3192-8429-4577-808A-B4FEE48638FC}.Release|Any CPU.Build.0 = Release|Any CPU
		{A62C25E0-4D42-47C2-A38D-35847627F55F}.Debug|Any CPU.ActiveCfg = Debug|Any CPU
		{A62C25E0-4D42-47C2-A38D-35847627F55F}.Debug|Any CPU.Build.0 = Debug|Any CPU
		{A62C25E0-4D42-47C2-A38D-35847627F55F}.Release|Any CPU.ActiveCfg = Release|Any CPU
		{A62C25E0-4D42-47C2-A38D-35847627F55F}.Release|Any CPU.Build.0 = Release|Any CPU
		{DBA0AFF6-06ED-4D3D-BA4A-3F3814EA727B}.Debug|Any CPU.ActiveCfg = Debug|Any CPU
		{DBA0AFF6-06ED-4D3D-BA4A-3F3814EA727B}.Debug|Any CPU.Build.0 = Debug|Any CPU
		{DBA0AFF6-06ED-4D3D-BA4A-3F3814EA727B}.Release|Any CPU.ActiveCfg = Release|Any CPU
		{DBA0AFF6-06ED-4D3D-BA4A-3F3814EA727B}.Release|Any CPU.Build.0 = Release|Any CPU
	EndGlobalSection
	GlobalSection(SolutionProperties) = preSolution
		HideSolutionNode = FALSE
	EndGlobalSection
	GlobalSection(ExtensibilityGlobals) = postSolution
		SolutionGuid = {6BA69206-AD53-4304-AF76-405075557EF4}
	EndGlobalSection
EndGlobal
